
Microsoft Visual Studio Solution File, Format Version 12.00
# Visual Studio 15
VisualStudioVersion = 15.0.28307.572
MinimumVisualStudioVersion = 10.0.40219.1
Project("{FAE04EC0-301F-11D3-BF4B-00C04F79EFBC}") = "SelfHosting", "SelfHosting\SelfHosting.csproj", "{EC23ACF8-069D-458E-906B-6B9401EE1EF4}"
EndProject
Global
	GlobalSection(SolutionConfigurationPlatforms) = preSolution
		Debug|Any CPU = Debug|Any CPU
		Release|Any CPU = Release|Any CPU
	EndGlobalSection
	GlobalSection(ProjectConfigurationPlatforms) = postSolution
		{EC23ACF8-069D-458E-906B-6B9401EE1EF4}.Debug|Any CPU.ActiveCfg = Debug|Any CPU
		{EC23ACF8-069D-458E-906B-6B9401EE1EF4}.Debug|Any CPU.Build.0 = Debug|Any CPU
		{EC23ACF8-069D-458E-906B-6B9401EE1EF4}.Release|Any CPU.ActiveCfg = Release|Any CPU
		{EC23ACF8-069D-458E-906B-6B9401EE1EF4}.Release|Any CPU.Build.0 = Release|Any CPU
	EndGlobalSection
	GlobalSection(SolutionProperties) = preSolution
		HideSolutionNode = FALSE
	EndGlobalSection
	GlobalSection(ExtensibilityGlobals) = postSolution
		SolutionGuid = {79DEF288-953A-49B6-BFB2-FF477AF68B74}
	EndGlobalSection
EndGlobal
